
Microsoft Visual Studio Solution File, Format Version 12.00
# Visual Studio Version 17
VisualStudioVersion = 17.11.35222.181
MinimumVisualStudioVersion = 10.0.40219.1
Project("{9A19103F-16F7-4668-BE54-9A1E7A4F7556}") = "ArtCollab", "ArtCollab\ArtCollab.csproj", "{38916347-D0BA-43DB-8D10-0819902AC585}"
EndProject
Project("{FAE04EC0-301F-11D3-BF4B-00C04F79EFBC}") = "Data", "Data\Data.csproj", "{D489BBC3-4EB1-49C7-A194-1078DBB9A792}"
EndProject
Project("{FAE04EC0-301F-11D3-BF4B-00C04F79EFBC}") = "Logic", "Logic\Logic.csproj", "{FA76D2CD-B28D-4B3A-A7D3-0E2C3B2C1C4C}"
EndProject
Project("{FAE04EC0-301F-11D3-BF4B-00C04F79EFBC}") = "ArtCollab.Test", "ArtCollab.Test\ArtCollab.Test.csproj", "{82877792-FDBE-4CAA-B1CA-51CD8B86BEB4}"
EndProject
Global
	GlobalSection(SolutionConfigurationPlatforms) = preSolution
		Debug|Any CPU = Debug|Any CPU
		Release|Any CPU = Release|Any CPU
	EndGlobalSection
	GlobalSection(ProjectConfigurationPlatforms) = postSolution
		{38916347-D0BA-43DB-8D10-0819902AC585}.Debug|Any CPU.ActiveCfg = Debug|Any CPU
		{38916347-D0BA-43DB-8D10-0819902AC585}.Debug|Any CPU.Build.0 = Debug|Any CPU
		{38916347-D0BA-43DB-8D10-0819902AC585}.Release|Any CPU.ActiveCfg = Release|Any CPU
		{38916347-D0BA-43DB-8D10-0819902AC585}.Release|Any CPU.Build.0 = Release|Any CPU
		{D489BBC3-4EB1-49C7-A194-1078DBB9A792}.Debug|Any CPU.ActiveCfg = Debug|Any CPU
		{D489BBC3-4EB1-49C7-A194-1078DBB9A792}.Debug|Any CPU.Build.0 = Debug|Any CPU
		{D489BBC3-4EB1-49C7-A194-1078DBB9A792}.Release|Any CPU.ActiveCfg = Release|Any CPU
		{D489BBC3-4EB1-49C7-A194-1078DBB9A792}.Release|Any CPU.Build.0 = Release|Any CPU
		{FA76D2CD-B28D-4B3A-A7D3-0E2C3B2C1C4C}.Debug|Any CPU.ActiveCfg = Debug|Any CPU
		{FA76D2CD-B28D-4B3A-A7D3-0E2C3B2C1C4C}.Debug|Any CPU.Build.0 = Debug|Any CPU
		{FA76D2CD-B28D-4B3A-A7D3-0E2C3B2C1C4C}.Release|Any CPU.ActiveCfg = Release|Any CPU
		{FA76D2CD-B28D-4B3A-A7D3-0E2C3B2C1C4C}.Release|Any CPU.Build.0 = Release|Any CPU
		{82877792-FDBE-4CAA-B1CA-51CD8B86BEB4}.Debug|Any CPU.ActiveCfg = Debug|Any CPU
		{82877792-FDBE-4CAA-B1CA-51CD8B86BEB4}.Debug|Any CPU.Build.0 = Debug|Any CPU
		{82877792-FDBE-4CAA-B1CA-51CD8B86BEB4}.Release|Any CPU.ActiveCfg = Release|Any CPU
		{82877792-FDBE-4CAA-B1CA-51CD8B86BEB4}.Release|Any CPU.Build.0 = Release|Any CPU
	EndGlobalSection
	GlobalSection(SolutionProperties) = preSolution
		HideSolutionNode = FALSE
	EndGlobalSection
	GlobalSection(ExtensibilityGlobals) = postSolution
		SolutionGuid = {C51CA17E-4D06-4E01-BE49-C990198A9F56}
	EndGlobalSection
EndGlobal
